// !$*UTF8*$!
{
	archiveVersion = 1;
	classes = {
	};
	objectVersion = 50;
	objects = {

/* Begin PBXBuildFile section */
		ED5BA88A25005C2100EA3A0E /* AppDelegate.swift in Sources */ = {isa = PBXBuildFile; fileRef = ED5BA88925005C2100EA3A0E /* AppDelegate.swift */; };
		ED5BA88C25005C2100EA3A0E /* SceneDelegate.swift in Sources */ = {isa = PBXBuildFile; fileRef = ED5BA88B25005C2100EA3A0E /* SceneDelegate.swift */; };
		ED5BA88E25005C2100EA3A0E /* ContentView.swift in Sources */ = {isa = PBXBuildFile; fileRef = ED5BA88D25005C2100EA3A0E /* ContentView.swift */; };
		ED5BA89025005C2300EA3A0E /* Assets.xcassets in Resources */ = {isa = PBXBuildFile; fileRef = ED5BA88F25005C2200EA3A0E /* Assets.xcassets */; };
		ED5BA89325005C2300EA3A0E /* Preview Assets.xcassets in Resources */ = {isa = PBXBuildFile; fileRef = ED5BA89225005C2300EA3A0E /* Preview Assets.xcassets */; };
		ED5BA89625005C2300EA3A0E /* LaunchScreen.storyboard in Resources */ = {isa = PBXBuildFile; fileRef = ED5BA89425005C2300EA3A0E /* LaunchScreen.storyboard */; };
/* End PBXBuildFile section */

/* Begin PBXFileReference section */
		ED5BA88625005C2100EA3A0E /* user-permissions-apple.app */ = {isa = PBXFileReference; explicitFileType = wrapper.application; includeInIndex = 0; path = "user-permissions-apple.app"; sourceTree = BUILT_PRODUCTS_DIR; };
		ED5BA88925005C2100EA3A0E /* AppDelegate.swift */ = {isa = PBXFileReference; lastKnownFileType = sourcecode.swift; path = AppDelegate.swift; sourceTree = "<group>"; };
		ED5BA88B25005C2100EA3A0E /* SceneDelegate.swift */ = {isa = PBXFileReference; lastKnownFileType = sourcecode.swift; path = SceneDelegate.swift; sourceTree = "<group>"; };
		ED5BA88D25005C2100EA3A0E /* ContentView.swift */ = {isa = PBXFileReference; lastKnownFileType = sourcecode.swift; path = ContentView.swift; sourceTree = "<group>"; };
		ED5BA88F25005C2200EA3A0E /* Assets.xcassets */ = {isa = PBXFileReference; lastKnownFileType = folder.assetcatalog; path = Assets.xcassets; sourceTree = "<group>"; };
		ED5BA89225005C2300EA3A0E /* Preview Assets.xcassets */ = {isa = PBXFileReference; lastKnownFileType = folder.assetcatalog; path = "Preview Assets.xcassets"; sourceTree = "<group>"; };
		ED5BA89525005C2300EA3A0E /* Base */ = {isa = PBXFileReference; lastKnownFileType = file.storyboard; name = Base; path = Base.lproj/LaunchScreen.storyboard; sourceTree = "<group>"; };
		ED5BA89725005C2300EA3A0E /* Info.plist */ = {isa = PBXFileReference; lastKnownFileType = text.plist.xml; path = Info.plist; sourceTree = "<group>"; };
/* End PBXFileReference section */

/* Begin PBXFrameworksBuildPhase section */
		ED5BA88325005C2100EA3A0E /* Frameworks */ = {
			isa = PBXFrameworksBuildPhase;
			buildActionMask = 2147483647;
			files = (
			);
			runOnlyForDeploymentPostprocessing = 0;
		};
/* End PBXFrameworksBuildPhase section */

/* Begin PBXGroup section */
		ED5BA87D25005C2100EA3A0E = {
			isa = PBXGroup;
			children = (
				ED5BA88825005C2100EA3A0E /* user-permissions-apple */,
				ED5BA88725005C2100EA3A0E /* Products */,
			);
			sourceTree = "<group>";
		};
		ED5BA88725005C2100EA3A0E /* Products */ = {
			isa = PBXGroup;
			children = (
				ED5BA88625005C2100EA3A0E /* user-permissions-apple.app */,
			);
			name = Products;
			sourceTree = "<group>";
		};
		ED5BA88825005C2100EA3A0E /* user-permissions-apple */ = {
			isa = PBXGroup;
			children = (
				ED5BA88925005C2100EA3A0E /* AppDelegate.swift */,
				ED5BA88B25005C2100EA3A0E /* SceneDelegate.swift */,
				ED5BA88D25005C2100EA3A0E /* ContentView.swift */,
				ED5BA88F25005C2200EA3A0E /* Assets.xcassets */,
				ED5BA89425005C2300EA3A0E /* LaunchScreen.storyboard */,
				ED5BA89725005C2300EA3A0E /* Info.plist */,
				ED5BA89125005C2300EA3A0E /* Preview Content */,
			);
			path = "user-permissions-apple";
			sourceTree = "<group>";
		};
		ED5BA89125005C2300EA3A0E /* Preview Content */ = {
			isa = PBXGroup;
			children = (
				ED5BA89225005C2300EA3A0E /* Preview Assets.xcassets */,
			);
			path = "Preview Content";
			sourceTree = "<group>";
		};
/* End PBXGroup section */

/* Begin PBXNativeTarget section */
		ED5BA88525005C2100EA3A0E /* user-permissions-apple */ = {
			isa = PBXNativeTarget;
			buildConfigurationList = ED5BA89A25005C2300EA3A0E /* Build configuration list for PBXNativeTarget "user-permissions-apple" */;
			buildPhases = (
				ED5BA88225005C2100EA3A0E /* Sources */,
				ED5BA88325005C2100EA3A0E /* Frameworks */,
				ED5BA88425005C2100EA3A0E /* Resources */,
			);
			buildRules = (
			);
			dependencies = (
			);
			name = "user-permissions-apple";
			productName = "user-permissions-apple";
			productReference = ED5BA88625005C2100EA3A0E /* user-permissions-apple.app */;
			productType = "com.apple.product-type.application";
		};
/* End PBXNativeTarget section */

/* Begin PBXProject section */
		ED5BA87E25005C2100EA3A0E /* Project object */ = {
			isa = PBXProject;
			attributes = {
				LastSwiftUpdateCheck = 1160;
				LastUpgradeCheck = 1160;
				ORGANIZATIONNAME = "Travis Primm";
				TargetAttributes = {
					ED5BA88525005C2100EA3A0E = {
						CreatedOnToolsVersion = 11.6;
					};
				};
			};
			buildConfigurationList = ED5BA88125005C2100EA3A0E /* Build configuration list for PBXProject "user-permissions-apple" */;
			compatibilityVersion = "Xcode 9.3";
			developmentRegion = en;
			hasScannedForEncodings = 0;
			knownRegions = (
				en,
				Base,
			);
			mainGroup = ED5BA87D25005C2100EA3A0E;
			productRefGroup = ED5BA88725005C2100EA3A0E /* Products */;
			projectDirPath = "";
			projectRoot = "";
			targets = (
				ED5BA88525005C2100EA3A0E /* user-permissions-apple */,
			);
		};
/* End PBXProject section */

/* Begin PBXResourcesBuildPhase section */
		ED5BA88425005C2100EA3A0E /* Resources */ = {
			isa = PBXResourcesBuildPhase;
			buildActionMask = 2147483647;
			files = (
				ED5BA89625005C2300EA3A0E /* LaunchScreen.storyboard in Resources */,
				ED5BA89325005C2300EA3A0E /* Preview Assets.xcassets in Resources */,
				ED5BA89025005C2300EA3A0E /* Assets.xcassets in Resources */,
			);
			runOnlyForDeploymentPostprocessing = 0;
		};
/* End PBXResourcesBuildPhase section */

/* Begin PBXSourcesBuildPhase section */
		ED5BA88225005C2100EA3A0E /* Sources */ = {
			isa = PBXSourcesBuildPhase;
			buildActionMask = 2147483647;
			files = (
				ED5BA88A25005C2100EA3A0E /* AppDelegate.swift in Sources */,
				ED5BA88C25005C2100EA3A0E /* SceneDelegate.swift in Sources */,
				ED5BA88E25005C2100EA3A0E /* ContentView.swift in Sources */,
			);
			runOnlyForDeploymentPostprocessing = 0;
		};
/* End PBXSourcesBuildPhase section */

/* Begin PBXVariantGroup section */
		ED5BA89425005C2300EA3A0E /* LaunchScreen.storyboard */ = {
			isa = PBXVariantGroup;
			children = (
				ED5BA89525005C2300EA3A0E /* Base */,
			);
			name = LaunchScreen.storyboard;
			sourceTree = "<group>";
		};
/* End PBXVariantGroup section */

/* Begin XCBuildConfiguration section */
		ED5BA89825005C2300EA3A0E /* Debug */ = {
			isa = XCBuildConfiguration;
			buildSettings = {
				ALWAYS_SEARCH_USER_PATHS = NO;
				CLANG_ANALYZER_NONNULL = YES;
				CLANG_ANALYZER_NUMBER_OBJECT_CONVERSION = YES_AGGRESSIVE;
				CLANG_CXX_LANGUAGE_STANDARD = "gnu++14";
				CLANG_CXX_LIBRARY = "libc++";
				CLANG_ENABLE_MODULES = YES;
				CLANG_ENABLE_OBJC_ARC = YES;
				CLANG_ENABLE_OBJC_WEAK = YES;
				CLANG_WARN_BLOCK_CAPTURE_AUTORELEASING = YES;
				CLANG_WARN_BOOL_CONVERSION = YES;
				CLANG_WARN_COMMA = YES;
				CLANG_WARN_CONSTANT_CONVERSION = YES;
				CLANG_WARN_DEPRECATED_OBJC_IMPLEMENTATIONS = YES;
				CLANG_WARN_DIRECT_OBJC_ISA_USAGE = YES_ERROR;
				CLANG_WARN_DOCUMENTATION_COMMENTS = YES;
				CLANG_WARN_EMPTY_BODY = YES;
				CLANG_WARN_ENUM_CONVERSION = YES;
				CLANG_WARN_INFINITE_RECURSION = YES;
				CLANG_WARN_INT_CONVERSION = YES;
				CLANG_WARN_NON_LITERAL_NULL_CONVERSION = YES;
				CLANG_WARN_OBJC_IMPLICIT_RETAIN_SELF = YES;
				CLANG_WARN_OBJC_LITERAL_CONVERSION = YES;
				CLANG_WARN_OBJC_ROOT_CLASS = YES_ERROR;
				CLANG_WARN_RANGE_LOOP_ANALYSIS = YES;
				CLANG_WARN_STRICT_PROTOTYPES = YES;
				CLANG_WARN_SUSPICIOUS_MOVE = YES;
				CLANG_WARN_UNGUARDED_AVAILABILITY = YES_AGGRESSIVE;
				CLANG_WARN_UNREACHABLE_CODE = YES;
				CLANG_WARN__DUPLICATE_METHOD_MATCH = YES;
				COPY_PHASE_STRIP = NO;
				DEBUG_INFORMATION_FORMAT = dwarf;
				ENABLE_STRICT_OBJC_MSGSEND = YES;
				ENABLE_TESTABILITY = YES;
				GCC_C_LANGUAGE_STANDARD = gnu11;
				GCC_DYNAMIC_NO_PIC = NO;
				GCC_NO_COMMON_BLOCKS = YES;
				GCC_OPTIMIZATION_LEVEL = 0;
				GCC_PREPROCESSOR_DEFINITIONS = (
					"DEBUG=1",
					"$(inherited)",
				);
				GCC_WARN_64_TO_32_BIT_CONVERSION = YES;
				GCC_WARN_ABOUT_RETURN_TYPE = YES_ERROR;
				GCC_WARN_UNDECLARED_SELECTOR = YES;
				GCC_WARN_UNINITIALIZED_AUTOS = YES_AGGRESSIVE;
				GCC_WARN_UNUSED_FUNCTION = YES;
				GCC_WARN_UNUSED_VARIABLE = YES;
				IPHONEOS_DEPLOYMENT_TARGET = 13.6;
				MTL_ENABLE_DEBUG_INFO = INCLUDE_SOURCE;
				MTL_FAST_MATH = YES;
				ONLY_ACTIVE_ARCH = YES;
				SDKROOT = iphoneos;
				SWIFT_ACTIVE_COMPILATION_CONDITIONS = DEBUG;
				SWIFT_OPTIMIZATION_LEVEL = "-Onone";
			};
			name = Debug;
		};
		ED5BA89925005C2300EA3A0E /* Release */ = {
			isa = XCBuildConfiguration;
			buildSettings = {
				ALWAYS_SEARCH_USER_PATHS = NO;
				CLANG_ANALYZER_NONNULL = YES;
				CLANG_ANALYZER_NUMBER_OBJECT_CONVERSION = YES_AGGRESSIVE;
				CLANG_CXX_LANGUAGE_STANDARD = "gnu++14";
				CLANG_CXX_LIBRARY = "libc++";
				CLANG_ENABLE_MODULES = YES;
				CLANG_ENABLE_OBJC_ARC = YES;
				CLANG_ENABLE_OBJC_WEAK = YES;
				CLANG_WARN_BLOCK_CAPTURE_AUTORELEASING = YES;
				CLANG_WARN_BOOL_CONVERSION = YES;
				CLANG_WARN_COMMA = YES;
				CLANG_WARN_CONSTANT_CONVERSION = YES;
				CLANG_WARN_DEPRECATED_OBJC_IMPLEMENTATIONS = YES;
				CLANG_WARN_DIRECT_OBJC_ISA_USAGE = YES_ERROR;
				CLANG_WARN_DOCUMENTATION_COMMENTS = YES;
				CLANG_WARN_EMPTY_BODY = YES;
				CLANG_WARN_ENUM_CONVERSION = YES;
				CLANG_WARN_INFINITE_RECURSION = YES;
				CLANG_WARN_INT_CONVERSION = YES;
				CLANG_WARN_NON_LITERAL_NULL_CONVERSION = YES;
				CLANG_WARN_OBJC_IMPLICIT_RETAIN_SELF = YES;
				CLANG_WARN_OBJC_LITERAL_CONVERSION = YES;
				CLANG_WARN_OBJC_ROOT_CLASS = YES_ERROR;
				CLANG_WARN_RANGE_LOOP_ANALYSIS = YES;
				CLANG_WARN_STRICT_PROTOTYPES = YES;
				CLANG_WARN_SUSPICIOUS_MOVE = YES;
				CLANG_WARN_UNGUARDED_AVAILABILITY = YES_AGGRESSIVE;
				CLANG_WARN_UNREACHABLE_CODE = YES;
				CLANG_WARN__DUPLICATE_METHOD_MATCH = YES;
				COPY_PHASE_STRIP = NO;
				DEBUG_INFORMATION_FORMAT = "dwarf-with-dsym";
				ENABLE_NS_ASSERTIONS = NO;
				ENABLE_STRICT_OBJC_MSGSEND = YES;
				GCC_C_LANGUAGE_STANDARD = gnu11;
				GCC_NO_COMMON_BLOCKS = YES;
				GCC_WARN_64_TO_32_BIT_CONVERSION = YES;
				GCC_WARN_ABOUT_RETURN_TYPE = YES_ERROR;
				GCC_WARN_UNDECLARED_SELECTOR = YES;
				GCC_WARN_UNINITIALIZED_AUTOS = YES_AGGRESSIVE;
				GCC_WARN_UNUSED_FUNCTION = YES;
				GCC_WARN_UNUSED_VARIABLE = YES;
				IPHONEOS_DEPLOYMENT_TARGET = 13.6;
				MTL_ENABLE_DEBUG_INFO = NO;
				MTL_FAST_MATH = YES;
				SDKROOT = iphoneos;
				SWIFT_COMPILATION_MODE = wholemodule;
				SWIFT_OPTIMIZATION_LEVEL = "-O";
				VALIDATE_PRODUCT = YES;
			};
			name = Release;
		};
		ED5BA89B25005C2300EA3A0E /* Debug */ = {
			isa = XCBuildConfiguration;
			buildSettings = {
				ASSETCATALOG_COMPILER_APPICON_NAME = AppIcon;
				CODE_SIGN_STYLE = Automatic;
				DEVELOPMENT_ASSET_PATHS = "\"user-permissions-apple/Preview Content\"";
				DEVELOPMENT_TEAM = 95TLM6XN9J;
				ENABLE_PREVIEWS = YES;
				INFOPLIST_FILE = "user-permissions-apple/Info.plist";
				LD_RUNPATH_SEARCH_PATHS = (
					"$(inherited)",
					"@executable_path/Frameworks",
				);
				PRODUCT_BUNDLE_IDENTIFIER = "primm.user-permissions-apple";
				PRODUCT_NAME = "$(TARGET_NAME)";
				SWIFT_VERSION = 5.0;
				TARGETED_DEVICE_FAMILY = "1,2";
			};
			name = Debug;
		};
		ED5BA89C25005C2300EA3A0E /* Release */ = {
			isa = XCBuildConfiguration;
			buildSettings = {
				ASSETCATALOG_COMPILER_APPICON_NAME = AppIcon;
				CODE_SIGN_STYLE = Automatic;
				DEVELOPMENT_ASSET_PATHS = "\"user-permissions-apple/Preview Content\"";
				DEVELOPMENT_TEAM = 95TLM6XN9J;
				ENABLE_PREVIEWS = YES;
				INFOPLIST_FILE = "user-permissions-apple/Info.plist";
				LD_RUNPATH_SEARCH_PATHS = (
					"$(inherited)",
					"@executable_path/Frameworks",
				);
				PRODUCT_BUNDLE_IDENTIFIER = "primm.user-permissions-apple";
				PRODUCT_NAME = "$(TARGET_NAME)";
				SWIFT_VERSION = 5.0;
				TARGETED_DEVICE_FAMILY = "1,2";
			};
			name = Release;
		};
/* End XCBuildConfiguration section */

/* Begin XCConfigurationList section */
		ED5BA88125005C2100EA3A0E /* Build configuration list for PBXProject "user-permissions-apple" */ = {
			isa = XCConfigurationList;
			buildConfigurations = (
				ED5BA89825005C2300EA3A0E /* Debug */,
				ED5BA89925005C2300EA3A0E /* Release */,
			);
			defaultConfigurationIsVisible = 0;
			defaultConfigurationName = Release;
		};
		ED5BA89A25005C2300EA3A0E /* Build configuration list for PBXNativeTarget "user-permissions-apple" */ = {
			isa = XCConfigurationList;
			buildConfigurations = (
				ED5BA89B25005C2300EA3A0E /* Debug */,
				ED5BA89C25005C2300EA3A0E /* Release */,
			);
			defaultConfigurationIsVisible = 0;
			defaultConfigurationName = Release;
		};
/* End XCConfigurationList section */
	};
	rootObject = ED5BA87E25005C2100EA3A0E /* Project object */;
}
